{
  "name": "ai-carbon-footprint-api",
  "version": "1.0.0",
  "lockfileVersion": 3,
  "requires": true,
  "packages": {
    "": {
      "name": "ai-carbon-footprint-api",
      "version": "1.0.0",
      "license": "ISC",
      "dependencies": {
        "express": "^4.19.2"
      },
      "devDependencies": {
        "jest": "^29.7.0",
        "supertest": "^6.3.4"
      }
    }
  }
}
